PODS:
  - boost (1.76.0)
  - DoubleConversion (1.1.6)
  - FBLazyVector (0.71.0)
  - FBReactNativeSpec (0.71.0):
    - RCT-Folly (= 2021.07.22.00)
    - RCTRequired (= 0.71.0)
    - RCTTypeSafety (= 0.71.0)
    - React-Core (= 0.71.0)
    - React-jsi (= 0.71.0)
    - ReactCommon/turbomodule/core (= 0.71.0)
  - fmt (6.2.1)
  - glog (0.3.5)
  - hermes-engine (0.71.0):
    - hermes-engine/Pre-built (= 0.71.0)
  - hermes-engine/Pre-built (0.71.0)
  - libevent (2.1.12)
  - MMKV (1.2.15):
    - MMKVCore (~> 1.2.15)
  - MMKVCore (1.2.15)
  - Permission-Camera (3.6.1):
    - RNPermissions
  - Permission-MediaLibrary (3.6.1):
    - RNPermissions
  - Permission-PhotoLibraryAddOnly (3.6.1):
    - RNPermissions
  - RCT-Folly (2021.07.22.00):
    - boost
    - DoubleConversion
    - fmt (~> 6.2.1)
    - glog
    - RCT-Folly/Default (= 2021.07.22.00)
  - RCT-Folly/Default (2021.07.22.00):
    - boost
    - DoubleConversion
    - fmt (~> 6.2.1)
    - glog
  - RCT-Folly/Futures (2021.07.22.00):
    - boost
    - DoubleConversion
    - fmt (~> 6.2.1)
    - glog
    - libevent
  - RCTRequired (0.71.0)
  - RCTTypeSafety (0.71.0):
    - FBLazyVector (= 0.71.0)
    - RCTRequired (= 0.71.0)
    - React-Core (= 0.71.0)
  - React (0.71.0):
    - React-Core (= 0.71.0)
    - React-Core/DevSupport (= 0.71.0)
    - React-Core/RCTWebSocket (= 0.71.0)
    - React-RCTActionSheet (= 0.71.0)
    - React-RCTAnimation (= 0.71.0)
    - React-RCTBlob (= 0.71.0)
    - React-RCTImage (= 0.71.0)
    - React-RCTLinking (= 0.71.0)
    - React-RCTNetwork (= 0.71.0)
    - React-RCTSettings (= 0.71.0)
    - React-RCTText (= 0.71.0)
    - React-RCTVibration (= 0.71.0)
  - React-callinvoker (0.71.0)
  - React-Codegen (0.71.0):
    - FBReactNativeSpec
    - hermes-engine
    - RCT-Folly
    - RCTRequired
    - RCTTypeSafety
    - React-Core
    - React-jsi
    - React-jsiexecutor
    - ReactCommon/turbomodule/bridging
    - ReactCommon/turbomodule/core
  - React-Core (0.71.0):
    - glog
    - RCT-Folly (= 2021.07.22.00)
    - React-Core/Default (= 0.71.0)
    - React-cxxreact (= 0.71.0)
    - React-jsi (= 0.71.0)
    - React-jsiexecutor (= 0.71.0)
    - React-perflogger (= 0.71.0)
    - Yoga
  - React-Core/CoreModulesHeaders (0.71.0):
    - glog
    - RCT-Folly (= 2021.07.22.00)
    - React-Core/Default
    - React-cxxreact (= 0.71.0)
    - React-jsi (= 0.71.0)
    - React-jsiexecutor (= 0.71.0)
    - React-perflogger (= 0.71.0)
    - Yoga
  - React-Core/Default (0.71.0):
    - glog
    - RCT-Folly (= 2021.07.22.00)
    - React-cxxreact (= 0.71.0)
    - React-jsi (= 0.71.0)
    - React-jsiexecutor (= 0.71.0)
    - React-perflogger (= 0.71.0)
    - Yoga
  - React-Core/DevSupport (0.71.0):
    - glog
    - RCT-Folly (= 2021.07.22.00)
    - React-Core/Default (= 0.71.0)
    - React-Core/RCTWebSocket (= 0.71.0)
    - React-cxxreact (= 0.71.0)
    - React-jsi (= 0.71.0)
    - React-jsiexecutor (= 0.71.0)
    - React-jsinspector (= 0.71.0)
    - React-perflogger (= 0.71.0)
    - Yoga
  - React-Core/RCTActionSheetHeaders (0.71.0):
    - glog
    - RCT-Folly (= 2021.07.22.00)
    - React-Core/Default
    - React-cxxreact (= 0.71.0)
    - React-jsi (= 0.71.0)
    - React-jsiexecutor (= 0.71.0)
    - React-perflogger (= 0.71.0)
    - Yoga
  - React-Core/RCTAnimationHeaders (0.71.0):
    - glog
    - RCT-Folly (= 2021.07.22.00)
    - React-Core/Default
    - React-cxxreact (= 0.71.0)
    - React-jsi (= 0.71.0)
    - React-jsiexecutor (= 0.71.0)
    - React-perflogger (= 0.71.0)
    - Yoga
  - React-Core/RCTBlobHeaders (0.71.0):
    - glog
    - RCT-Folly (= 2021.07.22.00)
    - React-Core/Default
    - React-cxxreact (= 0.71.0)
    - React-jsi (= 0.71.0)
    - React-jsiexecutor (= 0.71.0)
    - React-perflogger (= 0.71.0)
    - Yoga
  - React-Core/RCTImageHeaders (0.71.0):
    - glog
    - RCT-Folly (= 2021.07.22.00)
    - React-Core/Default
    - React-cxxreact (= 0.71.0)
    - React-jsi (= 0.71.0)
    - React-jsiexecutor (= 0.71.0)
    - React-perflogger (= 0.71.0)
    - Yoga
  - React-Core/RCTLinkingHeaders (0.71.0):
    - glog
    - RCT-Folly (= 2021.07.22.00)
    - React-Core/Default
    - React-cxxreact (= 0.71.0)
    - React-jsi (= 0.71.0)
    - React-jsiexecutor (= 0.71.0)
    - React-perflogger (= 0.71.0)
    - Yoga
  - React-Core/RCTNetworkHeaders (0.71.0):
    - glog
    - RCT-Folly (= 2021.07.22.00)
    - React-Core/Default
    - React-cxxreact (= 0.71.0)
    - React-jsi (= 0.71.0)
    - React-jsiexecutor (= 0.71.0)
    - React-perflogger (= 0.71.0)
    - Yoga
  - React-Core/RCTSettingsHeaders (0.71.0):
    - glog
    - RCT-Folly (= 2021.07.22.00)
    - React-Core/Default
    - React-cxxreact (= 0.71.0)
    - React-jsi (= 0.71.0)
    - React-jsiexecutor (= 0.71.0)
    - React-perflogger (= 0.71.0)
    - Yoga
  - React-Core/RCTTextHeaders (0.71.0):
    - glog
    - RCT-Folly (= 2021.07.22.00)
    - React-Core/Default
    - React-cxxreact (= 0.71.0)
    - React-jsi (= 0.71.0)
    - React-jsiexecutor (= 0.71.0)
    - React-perflogger (= 0.71.0)
    - Yoga
  - React-Core/RCTVibrationHeaders (0.71.0):
    - glog
    - RCT-Folly (= 2021.07.22.00)
    - React-Core/Default
    - React-cxxreact (= 0.71.0)
    - React-jsi (= 0.71.0)
    - React-jsiexecutor (= 0.71.0)
    - React-perflogger (= 0.71.0)
    - Yoga
  - React-Core/RCTWebSocket (0.71.0):
    - glog
    - RCT-Folly (= 2021.07.22.00)
    - React-Core/Default (= 0.71.0)
    - React-cxxreact (= 0.71.0)
    - React-jsi (= 0.71.0)
    - React-jsiexecutor (= 0.71.0)
    - React-perflogger (= 0.71.0)
    - Yoga
  - React-CoreModules (0.71.0):
    - RCT-Folly (= 2021.07.22.00)
    - RCTTypeSafety (= 0.71.0)
    - React-Codegen (= 0.71.0)
    - React-Core/CoreModulesHeaders (= 0.71.0)
    - React-jsi (= 0.71.0)
    - React-RCTImage (= 0.71.0)
    - ReactCommon/turbomodule/core (= 0.71.0)
  - React-cxxreact (0.71.0):
    - boost (= 1.76.0)
    - DoubleConversion
    - glog
    - RCT-Folly (= 2021.07.22.00)
    - React-callinvoker (= 0.71.0)
    - React-jsi (= 0.71.0)
    - React-jsinspector (= 0.71.0)
    - React-logger (= 0.71.0)
    - React-perflogger (= 0.71.0)
    - React-runtimeexecutor (= 0.71.0)
  - React-hermes (0.71.0):
    - DoubleConversion
    - glog
    - hermes-engine
    - RCT-Folly (= 2021.07.22.00)
    - RCT-Folly/Futures (= 2021.07.22.00)
    - React-cxxreact (= 0.71.0)
    - React-jsiexecutor (= 0.71.0)
    - React-jsinspector (= 0.71.0)
    - React-perflogger (= 0.71.0)
  - React-jsi (0.71.0):
    - boost (= 1.76.0)
    - DoubleConversion
    - glog
    - hermes-engine
    - RCT-Folly (= 2021.07.22.00)
  - React-jsiexecutor (0.71.0):
    - DoubleConversion
    - glog
    - RCT-Folly (= 2021.07.22.00)
    - React-cxxreact (= 0.71.0)
    - React-jsi (= 0.71.0)
    - React-perflogger (= 0.71.0)
  - React-jsinspector (0.71.0)
  - React-logger (0.71.0):
    - glog
  - react-native-blur (4.3.0):
    - React-Core
  - react-native-keep-awake (1.1.0):
    - React-Core
  - react-native-mmkv (2.6.1):
    - MMKV (>= 1.2.13)
    - React-Core
  - react-native-safe-area-context (4.5.0):
    - RCT-Folly
    - RCTRequired
    - RCTTypeSafety
    - React-Core
    - ReactCommon/turbomodule/core
  - react-native-sfsymbols (1.2.1):
    - React
  - React-perflogger (0.71.0)
  - React-RCTActionSheet (0.71.0):
    - React-Core/RCTActionSheetHeaders (= 0.71.0)
  - React-RCTAnimation (0.71.0):
    - RCT-Folly (= 2021.07.22.00)
    - RCTTypeSafety (= 0.71.0)
    - React-Codegen (= 0.71.0)
    - React-Core/RCTAnimationHeaders (= 0.71.0)
    - React-jsi (= 0.71.0)
    - ReactCommon/turbomodule/core (= 0.71.0)
  - React-RCTAppDelegate (0.71.0):
    - RCT-Folly
    - RCTRequired
    - RCTTypeSafety
    - React-Core
    - ReactCommon/turbomodule/core
  - React-RCTBlob (0.71.0):
    - RCT-Folly (= 2021.07.22.00)
    - React-Codegen (= 0.71.0)
    - React-Core/RCTBlobHeaders (= 0.71.0)
    - React-Core/RCTWebSocket (= 0.71.0)
    - React-jsi (= 0.71.0)
    - React-RCTNetwork (= 0.71.0)
    - ReactCommon/turbomodule/core (= 0.71.0)
  - React-RCTImage (0.71.0):
    - RCT-Folly (= 2021.07.22.00)
    - RCTTypeSafety (= 0.71.0)
    - React-Codegen (= 0.71.0)
    - React-Core/RCTImageHeaders (= 0.71.0)
    - React-jsi (= 0.71.0)
    - React-RCTNetwork (= 0.71.0)
    - ReactCommon/turbomodule/core (= 0.71.0)
  - React-RCTLinking (0.71.0):
    - React-Codegen (= 0.71.0)
    - React-Core/RCTLinkingHeaders (= 0.71.0)
    - React-jsi (= 0.71.0)
    - ReactCommon/turbomodule/core (= 0.71.0)
  - React-RCTNetwork (0.71.0):
    - RCT-Folly (= 2021.07.22.00)
    - RCTTypeSafety (= 0.71.0)
    - React-Codegen (= 0.71.0)
    - React-Core/RCTNetworkHeaders (= 0.71.0)
    - React-jsi (= 0.71.0)
    - ReactCommon/turbomodule/core (= 0.71.0)
  - React-RCTSettings (0.71.0):
    - RCT-Folly (= 2021.07.22.00)
    - RCTTypeSafety (= 0.71.0)
    - React-Codegen (= 0.71.0)
    - React-Core/RCTSettingsHeaders (= 0.71.0)
    - React-jsi (= 0.71.0)
    - ReactCommon/turbomodule/core (= 0.71.0)
  - React-RCTText (0.71.0):
    - React-Core/RCTTextHeaders (= 0.71.0)
  - React-RCTVibration (0.71.0):
    - RCT-Folly (= 2021.07.22.00)
    - React-Codegen (= 0.71.0)
    - React-Core/RCTVibrationHeaders (= 0.71.0)
    - React-jsi (= 0.71.0)
    - ReactCommon/turbomodule/core (= 0.71.0)
  - React-runtimeexecutor (0.71.0):
    - React-jsi (= 0.71.0)
  - ReactCommon/turbomodule/bridging (0.71.0):
    - DoubleConversion
    - glog
    - RCT-Folly (= 2021.07.22.00)
    - React-callinvoker (= 0.71.0)
    - React-Core (= 0.71.0)
    - React-cxxreact (= 0.71.0)
    - React-jsi (= 0.71.0)
    - React-logger (= 0.71.0)
    - React-perflogger (= 0.71.0)
  - ReactCommon/turbomodule/core (0.71.0):
    - DoubleConversion
    - glog
    - RCT-Folly (= 2021.07.22.00)
    - React-callinvoker (= 0.71.0)
    - React-Core (= 0.71.0)
    - React-cxxreact (= 0.71.0)
    - React-jsi (= 0.71.0)
    - React-logger (= 0.71.0)
    - React-perflogger (= 0.71.0)
  - RNDeviceInfo (10.3.0):
    - React-Core
  - RNFS (2.20.0):
    - React-Core
  - RNInAppBrowser (3.7.0):
    - React-Core
  - RNLocalize (2.2.4):
    - React-Core
  - RNPermissions (3.6.1):
    - React-Core
  - RNReactNativeHapticFeedback (1.14.0):
    - React-Core
  - RNReanimated (2.14.4):
    - DoubleConversion
    - FBLazyVector
    - FBReactNativeSpec
    - glog
    - RCT-Folly
    - RCTRequired
    - RCTTypeSafety
    - React-callinvoker
    - React-Core
    - React-Core/DevSupport
    - React-Core/RCTWebSocket
    - React-CoreModules
    - React-cxxreact
    - React-jsi
    - React-jsiexecutor
    - React-jsinspector
    - React-RCTActionSheet
    - React-RCTAnimation
    - React-RCTBlob
    - React-RCTImage
    - React-RCTLinking
    - React-RCTNetwork
    - React-RCTSettings
    - React-RCTText
    - ReactCommon/turbomodule/core
    - Yoga
  - RNScreens (3.19.0):
    - React-Core
    - React-RCTImage
  - Yoga (1.14.0)

DEPENDENCIES:
  - boost (from `../node_modules/react-native/third-party-podspecs/boost.podspec`)
  - DoubleConversion (from `../node_modules/react-native/third-party-podspecs/DoubleConversion.podspec`)
  - FBLazyVector (from `../node_modules/react-native/Libraries/FBLazyVector`)
  - FBReactNativeSpec (from `../node_modules/react-native/React/FBReactNativeSpec`)
  - glog (from `../node_modules/react-native/third-party-podspecs/glog.podspec`)
  - hermes-engine (from `../node_modules/react-native/sdks/hermes-engine/hermes-engine.podspec`)
  - libevent (~> 2.1.12)
  - Permission-Camera (from `../node_modules/react-native-permissions/ios/Camera`)
  - Permission-MediaLibrary (from `../node_modules/react-native-permissions/ios/MediaLibrary`)
  - Permission-PhotoLibraryAddOnly (from `../node_modules/react-native-permissions/ios/PhotoLibraryAddOnly`)
  - RCT-Folly (from `../node_modules/react-native/third-party-podspecs/RCT-Folly.podspec`)
  - RCTRequired (from `../node_modules/react-native/Libraries/RCTRequired`)
  - RCTTypeSafety (from `../node_modules/react-native/Libraries/TypeSafety`)
  - React (from `../node_modules/react-native/`)
  - React-callinvoker (from `../node_modules/react-native/ReactCommon/callinvoker`)
  - React-Codegen (from `build/generated/ios`)
  - React-Core (from `../node_modules/react-native/`)
  - React-Core/RCTWebSocket (from `../node_modules/react-native/`)
  - React-CoreModules (from `../node_modules/react-native/React/CoreModules`)
  - React-cxxreact (from `../node_modules/react-native/ReactCommon/cxxreact`)
  - React-hermes (from `../node_modules/react-native/ReactCommon/hermes`)
  - React-jsi (from `../node_modules/react-native/ReactCommon/jsi`)
  - React-jsiexecutor (from `../node_modules/react-native/ReactCommon/jsiexecutor`)
  - React-jsinspector (from `../node_modules/react-native/ReactCommon/jsinspector`)
  - React-logger (from `../node_modules/react-native/ReactCommon/logger`)
  - "react-native-blur (from `../node_modules/@react-native-community/blur`)"
  - "react-native-keep-awake (from `../node_modules/@sayem314/react-native-keep-awake`)"
  - react-native-mmkv (from `../node_modules/react-native-mmkv`)
  - react-native-safe-area-context (from `../node_modules/react-native-safe-area-context`)
  - react-native-sfsymbols (from `../node_modules/react-native-sfsymbols`)
  - React-perflogger (from `../node_modules/react-native/ReactCommon/reactperflogger`)
  - React-RCTActionSheet (from `../node_modules/react-native/Libraries/ActionSheetIOS`)
  - React-RCTAnimation (from `../node_modules/react-native/Libraries/NativeAnimation`)
  - React-RCTAppDelegate (from `../node_modules/react-native/Libraries/AppDelegate`)
  - React-RCTBlob (from `../node_modules/react-native/Libraries/Blob`)
  - React-RCTImage (from `../node_modules/react-native/Libraries/Image`)
  - React-RCTLinking (from `../node_modules/react-native/Libraries/LinkingIOS`)
  - React-RCTNetwork (from `../node_modules/react-native/Libraries/Network`)
  - React-RCTSettings (from `../node_modules/react-native/Libraries/Settings`)
  - React-RCTText (from `../node_modules/react-native/Libraries/Text`)
  - React-RCTVibration (from `../node_modules/react-native/Libraries/Vibration`)
  - React-runtimeexecutor (from `../node_modules/react-native/ReactCommon/runtimeexecutor`)
  - ReactCommon/turbomodule/core (from `../node_modules/react-native/ReactCommon`)
  - RNDeviceInfo (from `../node_modules/react-native-device-info`)
  - RNFS (from `../node_modules/react-native-fs`)
  - RNInAppBrowser (from `../node_modules/react-native-inappbrowser-reborn`)
  - RNLocalize (from `../node_modules/react-native-localize`)
  - RNPermissions (from `../node_modules/react-native-permissions`)
  - RNReactNativeHapticFeedback (from `../node_modules/react-native-haptic-feedback`)
  - RNReanimated (from `../node_modules/react-native-reanimated`)
  - RNScreens (from `../node_modules/react-native-screens`)
  - Yoga (from `../node_modules/react-native/ReactCommon/yoga`)

SPEC REPOS:
  trunk:
    - fmt
    - libevent
    - MMKV
    - MMKVCore

EXTERNAL SOURCES:
  boost:
    :podspec: "../node_modules/react-native/third-party-podspecs/boost.podspec"
  DoubleConversion:
    :podspec: "../node_modules/react-native/third-party-podspecs/DoubleConversion.podspec"
  FBLazyVector:
    :path: "../node_modules/react-native/Libraries/FBLazyVector"
  FBReactNativeSpec:
    :path: "../node_modules/react-native/React/FBReactNativeSpec"
  glog:
    :podspec: "../node_modules/react-native/third-party-podspecs/glog.podspec"
  hermes-engine:
    :podspec: "../node_modules/react-native/sdks/hermes-engine/hermes-engine.podspec"
  Permission-Camera:
    :path: "../node_modules/react-native-permissions/ios/Camera"
  Permission-MediaLibrary:
    :path: "../node_modules/react-native-permissions/ios/MediaLibrary"
  Permission-PhotoLibraryAddOnly:
    :path: "../node_modules/react-native-permissions/ios/PhotoLibraryAddOnly"
  RCT-Folly:
    :podspec: "../node_modules/react-native/third-party-podspecs/RCT-Folly.podspec"
  RCTRequired:
    :path: "../node_modules/react-native/Libraries/RCTRequired"
  RCTTypeSafety:
    :path: "../node_modules/react-native/Libraries/TypeSafety"
  React:
    :path: "../node_modules/react-native/"
  React-callinvoker:
    :path: "../node_modules/react-native/ReactCommon/callinvoker"
  React-Codegen:
    :path: build/generated/ios
  React-Core:
    :path: "../node_modules/react-native/"
  React-CoreModules:
    :path: "../node_modules/react-native/React/CoreModules"
  React-cxxreact:
    :path: "../node_modules/react-native/ReactCommon/cxxreact"
  React-hermes:
    :path: "../node_modules/react-native/ReactCommon/hermes"
  React-jsi:
    :path: "../node_modules/react-native/ReactCommon/jsi"
  React-jsiexecutor:
    :path: "../node_modules/react-native/ReactCommon/jsiexecutor"
  React-jsinspector:
    :path: "../node_modules/react-native/ReactCommon/jsinspector"
  React-logger:
    :path: "../node_modules/react-native/ReactCommon/logger"
  react-native-blur:
    :path: "../node_modules/@react-native-community/blur"
  react-native-keep-awake:
    :path: "../node_modules/@sayem314/react-native-keep-awake"
  react-native-mmkv:
    :path: "../node_modules/react-native-mmkv"
  react-native-safe-area-context:
    :path: "../node_modules/react-native-safe-area-context"
  react-native-sfsymbols:
    :path: "../node_modules/react-native-sfsymbols"
  React-perflogger:
    :path: "../node_modules/react-native/ReactCommon/reactperflogger"
  React-RCTActionSheet:
    :path: "../node_modules/react-native/Libraries/ActionSheetIOS"
  React-RCTAnimation:
    :path: "../node_modules/react-native/Libraries/NativeAnimation"
  React-RCTAppDelegate:
    :path: "../node_modules/react-native/Libraries/AppDelegate"
  React-RCTBlob:
    :path: "../node_modules/react-native/Libraries/Blob"
  React-RCTImage:
    :path: "../node_modules/react-native/Libraries/Image"
  React-RCTLinking:
    :path: "../node_modules/react-native/Libraries/LinkingIOS"
  React-RCTNetwork:
    :path: "../node_modules/react-native/Libraries/Network"
  React-RCTSettings:
    :path: "../node_modules/react-native/Libraries/Settings"
  React-RCTText:
    :path: "../node_modules/react-native/Libraries/Text"
  React-RCTVibration:
    :path: "../node_modules/react-native/Libraries/Vibration"
  React-runtimeexecutor:
    :path: "../node_modules/react-native/ReactCommon/runtimeexecutor"
  ReactCommon:
    :path: "../node_modules/react-native/ReactCommon"
  RNDeviceInfo:
    :path: "../node_modules/react-native-device-info"
  RNFS:
    :path: "../node_modules/react-native-fs"
  RNInAppBrowser:
    :path: "../node_modules/react-native-inappbrowser-reborn"
  RNLocalize:
    :path: "../node_modules/react-native-localize"
  RNPermissions:
    :path: "../node_modules/react-native-permissions"
  RNReactNativeHapticFeedback:
    :path: "../node_modules/react-native-haptic-feedback"
  RNReanimated:
    :path: "../node_modules/react-native-reanimated"
  RNScreens:
    :path: "../node_modules/react-native-screens"
  Yoga:
    :path: "../node_modules/react-native/ReactCommon/yoga"

SPEC CHECKSUMS:
  boost: 57d2868c099736d80fcd648bf211b4431e51a558
  DoubleConversion: 5189b271737e1565bdce30deb4a08d647e3f5f54
  FBLazyVector: 61839cba7a48c570b7ac3e1cd8a4d0948382202f
  FBReactNativeSpec: 5a14398ccf5e27c1ca2d7109eb920594ce93c10d
  fmt: ff9d55029c625d3757ed641535fd4a75fedc7ce9
  glog: 04b94705f318337d7ead9e6d17c019bd9b1f6b1b
  hermes-engine: f6e715aa6c8bd38de6c13bc85e07b0a337edaa89
  libevent: 4049cae6c81cdb3654a443be001fb9bdceff7913
  MMKV: 7f34558bbb5a33b0eaefae2de4b6a20a2ffdad6f
  MMKVCore: ddf41b9d9262f058419f9ba7598719af56c02cd3
  Permission-Camera: bf6791b17c7f614b6826019fcfdcc286d3a107f6
  Permission-MediaLibrary: a994236bae41b3597a376ff08298fb1c6d84729b
  Permission-PhotoLibraryAddOnly: 6dba8924024e239af2e282daa8a88967679b4983
  RCT-Folly: 424b8c9a7a0b9ab2886ffe9c3b041ef628fd4fb1
  RCTRequired: dea3e4163184ea57c50288c15c32c1529265c58f
  RCTTypeSafety: a0834ab89159a346731e8aae55ad6e2cce61c327
  React: d877d055ff2137ca0325a4babdef3411e11f3cb7
  React-callinvoker: 77bd2701eee3acac154b11ec219e68d5a1f780ad
  React-Codegen: bccc516adc1551ccfe04b0de27e345d38829b204
  React-Core: 4035f59e5bec8f3053583c6108d99c7516deb760
  React-CoreModules: b6a1f76423fea57a03e0d7a2f79d3b55cf193f2c
  React-cxxreact: fe5f6ec8ae875bebc71309d1e8ef89bb966d61a6
  React-hermes: 3c8ea5e8f402db2a08b57051206d7f2ba9c75565
  React-jsi: dbf0f82c93bfd828fa05c50f2ee74dc81f711050
  React-jsiexecutor: 060dd495f1e2af3d87216f7ca8a94c55ec885b4f
  React-jsinspector: 5061fcbec93fd672183dfb39cc2f65e55a0835db
  React-logger: a6c0b3a807a8e81f6d7fea2e72660766f55daa50
  react-native-blur: 50c9feabacbc5f49b61337ebc32192c6be7ec3c3
  react-native-keep-awake: acbee258db16483744910f0da3ace39eb9ab47fd
  react-native-mmkv: 28af0c2a3dc9495c2cea80f9d41444e096c2a1ef
  react-native-safe-area-context: 39c2d8be3328df5d437ac1700f4f3a4f75716acc
  react-native-sfsymbols: bd3a0d3eab185e80b571bae60753dcf5a0d57967
  React-perflogger: e5fc4149e9bbb972b8520277f3b23141faa47a36
  React-RCTActionSheet: 991de88216bf03ab9bb1d213d73c62ecbe64ade7
  React-RCTAnimation: b74e3d1bf5280891a573e447b487fa1db0713b5b
  React-RCTAppDelegate: f52667f2dbc510f87b7988c5204e8764d50bf0c1
  React-RCTBlob: 6762787c01d5d8d18efed03764b0d58d3b79595a
  React-RCTImage: 9ed7eba8dd192a49def2cad2ecaedee7e7e315b4
  React-RCTLinking: 0b58eed9af0645a161b80bf412b6b721e4585c66
  React-RCTNetwork: dc075b0eea00d8a98c928f011d9bc2458acc7092
  React-RCTSettings: 30fb3f498cfaf8a4bb47334ff9ffbe318ef78766
  React-RCTText: a631564e84a227fe24bae7c04446f36faea7fcf5
  React-RCTVibration: 55c91eccdbd435d7634efbe847086944389475b0
  React-runtimeexecutor: ac80782d9d76ba2b0f709f4de0c427fe33c352dc
  ReactCommon: 20e38a9be5fe1341b5e422220877cc94034776ba
  RNDeviceInfo: 4701f0bf2a06b34654745053db0ce4cb0c53ada7
  RNFS: 4ac0f0ea233904cb798630b3c077808c06931688
  RNInAppBrowser: e36d6935517101ccba0e875bac8ad7b0cb655364
  RNLocalize: 0df7970cfc60389f00eb62fd7c097dc75af3fb4f
  RNPermissions: dcdb7b99796bbeda6975a6e79ad519c41b251b1c
  RNReactNativeHapticFeedback: 1e3efeca9628ff9876ee7cdd9edec1b336913f8c
  RNReanimated: cc5e3aa479cb9170bcccf8204291a6950a3be128
  RNScreens: ea4cd3a853063cda19a4e3c28d2e52180c80f4eb
  Yoga: c618b544ff8bd8865cdca602f00cbcdb92fd6d31

PODFILE CHECKSUM: ff5a3a849b56b700d103176aa2c0ff0e1fc56f17

COCOAPODS: 1.11.2
