PODS:
  - boost (1.76.0)
  - DoubleConversion (1.1.6)
  - FBLazyVector (0.71.11)
  - FBReactNativeSpec (0.71.11):
    - RCT-Folly (= 2021.07.22.00)
    - RCTRequired (= 0.71.11)
    - RCTTypeSafety (= 0.71.11)
    - React-Core (= 0.71.11)
    - React-jsi (= 0.71.11)
    - ReactCommon/turbomodule/core (= 0.71.11)
  - fmt (6.2.1)
  - glog (0.3.5)
  - hermes-engine (0.71.11):
    - hermes-engine/Pre-built (= 0.71.11)
  - hermes-engine/Pre-built (0.71.11)
  - libevent (2.1.12)
  - lottie-ios (3.4.4)
  - lottie-react-native (5.1.6):
    - lottie-ios (~> 3.4.0)
    - React-Core
  - MMKV (1.2.15):
    - MMKVCore (~> 1.2.15)
  - MMKVCore (1.2.15)
  - RCT-Folly (2021.07.22.00):
    - boost
    - DoubleConversion
    - fmt (~> 6.2.1)
    - glog
    - RCT-Folly/Default (= 2021.07.22.00)
  - RCT-Folly/Default (2021.07.22.00):
    - boost
    - DoubleConversion
    - fmt (~> 6.2.1)
    - glog
  - RCT-Folly/Fabric (2021.07.22.00):
    - boost
    - DoubleConversion
    - fmt (~> 6.2.1)
    - glog
  - RCT-Folly/Futures (2021.07.22.00):
    - boost
    - DoubleConversion
    - fmt (~> 6.2.1)
    - glog
    - libevent
  - RCTRequired (0.71.11)
  - RCTTypeSafety (0.71.11):
    - FBLazyVector (= 0.71.11)
    - RCTRequired (= 0.71.11)
    - React-Core (= 0.71.11)
  - React (0.71.11):
    - React-Core (= 0.71.11)
    - React-Core/DevSupport (= 0.71.11)
    - React-Core/RCTWebSocket (= 0.71.11)
    - React-RCTActionSheet (= 0.71.11)
    - React-RCTAnimation (= 0.71.11)
    - React-RCTBlob (= 0.71.11)
    - React-RCTImage (= 0.71.11)
    - React-RCTLinking (= 0.71.11)
    - React-RCTNetwork (= 0.71.11)
    - React-RCTSettings (= 0.71.11)
    - React-RCTText (= 0.71.11)
    - React-RCTVibration (= 0.71.11)
  - React-callinvoker (0.71.11)
  - React-Codegen (0.71.11):
    - FBReactNativeSpec
    - hermes-engine
    - RCT-Folly
    - RCTRequired
    - RCTTypeSafety
    - React-Core
    - React-graphics
    - React-jsi
    - React-jsiexecutor
    - React-rncore
    - ReactCommon/turbomodule/bridging
    - ReactCommon/turbomodule/core
  - React-Core (0.71.11):
    - glog
    - hermes-engine
    - RCT-Folly (= 2021.07.22.00)
    - React-Core/Default (= 0.71.11)
    - React-cxxreact (= 0.71.11)
    - React-hermes
    - React-jsi (= 0.71.11)
    - React-jsiexecutor (= 0.71.11)
    - React-perflogger (= 0.71.11)
    - Yoga
  - React-Core/CoreModulesHeaders (0.71.11):
    - glog
    - hermes-engine
    - RCT-Folly (= 2021.07.22.00)
    - React-Core/Default
    - React-cxxreact (= 0.71.11)
    - React-hermes
    - React-jsi (= 0.71.11)
    - React-jsiexecutor (= 0.71.11)
    - React-perflogger (= 0.71.11)
    - Yoga
  - React-Core/Default (0.71.11):
    - glog
    - hermes-engine
    - RCT-Folly (= 2021.07.22.00)
    - React-cxxreact (= 0.71.11)
    - React-hermes
    - React-jsi (= 0.71.11)
    - React-jsiexecutor (= 0.71.11)
    - React-perflogger (= 0.71.11)
    - Yoga
  - React-Core/DevSupport (0.71.11):
    - glog
    - hermes-engine
    - RCT-Folly (= 2021.07.22.00)
    - React-Core/Default (= 0.71.11)
    - React-Core/RCTWebSocket (= 0.71.11)
    - React-cxxreact (= 0.71.11)
    - React-hermes
    - React-jsi (= 0.71.11)
    - React-jsiexecutor (= 0.71.11)
    - React-jsinspector (= 0.71.11)
    - React-perflogger (= 0.71.11)
    - Yoga
  - React-Core/RCTActionSheetHeaders (0.71.11):
    - glog
    - hermes-engine
    - RCT-Folly (= 2021.07.22.00)
    - React-Core/Default
    - React-cxxreact (= 0.71.11)
    - React-hermes
    - React-jsi (= 0.71.11)
    - React-jsiexecutor (= 0.71.11)
    - React-perflogger (= 0.71.11)
    - Yoga
  - React-Core/RCTAnimationHeaders (0.71.11):
    - glog
    - hermes-engine
    - RCT-Folly (= 2021.07.22.00)
    - React-Core/Default
    - React-cxxreact (= 0.71.11)
    - React-hermes
    - React-jsi (= 0.71.11)
    - React-jsiexecutor (= 0.71.11)
    - React-perflogger (= 0.71.11)
    - Yoga
  - React-Core/RCTBlobHeaders (0.71.11):
    - glog
    - hermes-engine
    - RCT-Folly (= 2021.07.22.00)
    - React-Core/Default
    - React-cxxreact (= 0.71.11)
    - React-hermes
    - React-jsi (= 0.71.11)
    - React-jsiexecutor (= 0.71.11)
    - React-perflogger (= 0.71.11)
    - Yoga
  - React-Core/RCTImageHeaders (0.71.11):
    - glog
    - hermes-engine
    - RCT-Folly (= 2021.07.22.00)
    - React-Core/Default
    - React-cxxreact (= 0.71.11)
    - React-hermes
    - React-jsi (= 0.71.11)
    - React-jsiexecutor (= 0.71.11)
    - React-perflogger (= 0.71.11)
    - Yoga
  - React-Core/RCTLinkingHeaders (0.71.11):
    - glog
    - hermes-engine
    - RCT-Folly (= 2021.07.22.00)
    - React-Core/Default
    - React-cxxreact (= 0.71.11)
    - React-hermes
    - React-jsi (= 0.71.11)
    - React-jsiexecutor (= 0.71.11)
    - React-perflogger (= 0.71.11)
    - Yoga
  - React-Core/RCTNetworkHeaders (0.71.11):
    - glog
    - hermes-engine
    - RCT-Folly (= 2021.07.22.00)
    - React-Core/Default
    - React-cxxreact (= 0.71.11)
    - React-hermes
    - React-jsi (= 0.71.11)
    - React-jsiexecutor (= 0.71.11)
    - React-perflogger (= 0.71.11)
    - Yoga
  - React-Core/RCTSettingsHeaders (0.71.11):
    - glog
    - hermes-engine
    - RCT-Folly (= 2021.07.22.00)
    - React-Core/Default
    - React-cxxreact (= 0.71.11)
    - React-hermes
    - React-jsi (= 0.71.11)
    - React-jsiexecutor (= 0.71.11)
    - React-perflogger (= 0.71.11)
    - Yoga
  - React-Core/RCTTextHeaders (0.71.11):
    - glog
    - hermes-engine
    - RCT-Folly (= 2021.07.22.00)
    - React-Core/Default
    - React-cxxreact (= 0.71.11)
    - React-hermes
    - React-jsi (= 0.71.11)
    - React-jsiexecutor (= 0.71.11)
    - React-perflogger (= 0.71.11)
    - Yoga
  - React-Core/RCTVibrationHeaders (0.71.11):
    - glog
    - hermes-engine
    - RCT-Folly (= 2021.07.22.00)
    - React-Core/Default
    - React-cxxreact (= 0.71.11)
    - React-hermes
    - React-jsi (= 0.71.11)
    - React-jsiexecutor (= 0.71.11)
    - React-perflogger (= 0.71.11)
    - Yoga
  - React-Core/RCTWebSocket (0.71.11):
    - glog
    - hermes-engine
    - RCT-Folly (= 2021.07.22.00)
    - React-Core/Default (= 0.71.11)
    - React-cxxreact (= 0.71.11)
    - React-hermes
    - React-jsi (= 0.71.11)
    - React-jsiexecutor (= 0.71.11)
    - React-perflogger (= 0.71.11)
    - Yoga
  - React-CoreModules (0.71.11):
    - RCT-Folly (= 2021.07.22.00)
    - RCTTypeSafety (= 0.71.11)
    - React-Codegen (= 0.71.11)
    - React-Core/CoreModulesHeaders (= 0.71.11)
    - React-jsi (= 0.71.11)
    - React-RCTBlob
    - React-RCTImage (= 0.71.11)
    - ReactCommon/turbomodule/core (= 0.71.11)
  - React-cxxreact (0.71.11):
    - boost (= 1.76.0)
    - DoubleConversion
    - glog
    - hermes-engine
    - RCT-Folly (= 2021.07.22.00)
    - React-callinvoker (= 0.71.11)
    - React-jsi (= 0.71.11)
    - React-jsinspector (= 0.71.11)
    - React-logger (= 0.71.11)
    - React-perflogger (= 0.71.11)
    - React-runtimeexecutor (= 0.71.11)
  - React-Fabric (0.71.11):
    - RCT-Folly/Fabric (= 2021.07.22.00)
    - RCTRequired (= 0.71.11)
    - RCTTypeSafety (= 0.71.11)
    - React-Fabric/animations (= 0.71.11)
    - React-Fabric/attributedstring (= 0.71.11)
    - React-Fabric/butter (= 0.71.11)
    - React-Fabric/componentregistry (= 0.71.11)
    - React-Fabric/componentregistrynative (= 0.71.11)
    - React-Fabric/components (= 0.71.11)
    - React-Fabric/config (= 0.71.11)
    - React-Fabric/core (= 0.71.11)
    - React-Fabric/debug_core (= 0.71.11)
    - React-Fabric/debug_renderer (= 0.71.11)
    - React-Fabric/imagemanager (= 0.71.11)
    - React-Fabric/leakchecker (= 0.71.11)
    - React-Fabric/mapbuffer (= 0.71.11)
    - React-Fabric/mounting (= 0.71.11)
    - React-Fabric/runtimescheduler (= 0.71.11)
    - React-Fabric/scheduler (= 0.71.11)
    - React-Fabric/telemetry (= 0.71.11)
    - React-Fabric/templateprocessor (= 0.71.11)
    - React-Fabric/textlayoutmanager (= 0.71.11)
    - React-Fabric/uimanager (= 0.71.11)
    - React-Fabric/utils (= 0.71.11)
    - React-graphics (= 0.71.11)
    - React-jsi (= 0.71.11)
    - React-jsiexecutor (= 0.71.11)
    - ReactCommon/turbomodule/core (= 0.71.11)
  - React-Fabric/animations (0.71.11):
    - RCT-Folly/Fabric (= 2021.07.22.00)
    - RCTRequired (= 0.71.11)
    - RCTTypeSafety (= 0.71.11)
    - React-graphics (= 0.71.11)
    - React-jsi (= 0.71.11)
    - React-jsiexecutor (= 0.71.11)
    - ReactCommon/turbomodule/core (= 0.71.11)
  - React-Fabric/attributedstring (0.71.11):
    - RCT-Folly/Fabric (= 2021.07.22.00)
    - RCTRequired (= 0.71.11)
    - RCTTypeSafety (= 0.71.11)
    - React-graphics (= 0.71.11)
    - React-jsi (= 0.71.11)
    - React-jsiexecutor (= 0.71.11)
    - ReactCommon/turbomodule/core (= 0.71.11)
  - React-Fabric/butter (0.71.11):
    - RCT-Folly/Fabric (= 2021.07.22.00)
    - RCTRequired (= 0.71.11)
    - RCTTypeSafety (= 0.71.11)
    - React-graphics (= 0.71.11)
    - React-jsi (= 0.71.11)
    - React-jsiexecutor (= 0.71.11)
    - ReactCommon/turbomodule/core (= 0.71.11)
  - React-Fabric/componentregistry (0.71.11):
    - RCT-Folly/Fabric (= 2021.07.22.00)
    - RCTRequired (= 0.71.11)
    - RCTTypeSafety (= 0.71.11)
    - React-graphics (= 0.71.11)
    - React-jsi (= 0.71.11)
    - React-jsiexecutor (= 0.71.11)
    - ReactCommon/turbomodule/core (= 0.71.11)
  - React-Fabric/componentregistrynative (0.71.11):
    - RCT-Folly/Fabric (= 2021.07.22.00)
    - RCTRequired (= 0.71.11)
    - RCTTypeSafety (= 0.71.11)
    - React-graphics (= 0.71.11)
    - React-jsi (= 0.71.11)
    - React-jsiexecutor (= 0.71.11)
    - ReactCommon/turbomodule/core (= 0.71.11)
  - React-Fabric/components (0.71.11):
    - RCT-Folly/Fabric (= 2021.07.22.00)
    - RCTRequired (= 0.71.11)
    - RCTTypeSafety (= 0.71.11)
    - React-Fabric/components/activityindicator (= 0.71.11)
    - React-Fabric/components/image (= 0.71.11)
    - React-Fabric/components/inputaccessory (= 0.71.11)
    - React-Fabric/components/legacyviewmanagerinterop (= 0.71.11)
    - React-Fabric/components/modal (= 0.71.11)
    - React-Fabric/components/root (= 0.71.11)
    - React-Fabric/components/safeareaview (= 0.71.11)
    - React-Fabric/components/scrollview (= 0.71.11)
    - React-Fabric/components/slider (= 0.71.11)
    - React-Fabric/components/text (= 0.71.11)
    - React-Fabric/components/textinput (= 0.71.11)
    - React-Fabric/components/unimplementedview (= 0.71.11)
    - React-Fabric/components/view (= 0.71.11)
    - React-graphics (= 0.71.11)
    - React-jsi (= 0.71.11)
    - React-jsiexecutor (= 0.71.11)
    - ReactCommon/turbomodule/core (= 0.71.11)
  - React-Fabric/components/activityindicator (0.71.11):
    - RCT-Folly/Fabric (= 2021.07.22.00)
    - RCTRequired (= 0.71.11)
    - RCTTypeSafety (= 0.71.11)
    - React-graphics (= 0.71.11)
    - React-jsi (= 0.71.11)
    - React-jsiexecutor (= 0.71.11)
    - ReactCommon/turbomodule/core (= 0.71.11)
  - React-Fabric/components/image (0.71.11):
    - RCT-Folly/Fabric (= 2021.07.22.00)
    - RCTRequired (= 0.71.11)
    - RCTTypeSafety (= 0.71.11)
    - React-graphics (= 0.71.11)
    - React-jsi (= 0.71.11)
    - React-jsiexecutor (= 0.71.11)
    - ReactCommon/turbomodule/core (= 0.71.11)
  - React-Fabric/components/inputaccessory (0.71.11):
    - RCT-Folly/Fabric (= 2021.07.22.00)
    - RCTRequired (= 0.71.11)
    - RCTTypeSafety (= 0.71.11)
    - React-graphics (= 0.71.11)
    - React-jsi (= 0.71.11)
    - React-jsiexecutor (= 0.71.11)
    - ReactCommon/turbomodule/core (= 0.71.11)
  - React-Fabric/components/legacyviewmanagerinterop (0.71.11):
    - RCT-Folly/Fabric (= 2021.07.22.00)
    - RCTRequired (= 0.71.11)
    - RCTTypeSafety (= 0.71.11)
    - React-graphics (= 0.71.11)
    - React-jsi (= 0.71.11)
    - React-jsiexecutor (= 0.71.11)
    - ReactCommon/turbomodule/core (= 0.71.11)
  - React-Fabric/components/modal (0.71.11):
    - RCT-Folly/Fabric (= 2021.07.22.00)
    - RCTRequired (= 0.71.11)
    - RCTTypeSafety (= 0.71.11)
    - React-graphics (= 0.71.11)
    - React-jsi (= 0.71.11)
    - React-jsiexecutor (= 0.71.11)
    - ReactCommon/turbomodule/core (= 0.71.11)
  - React-Fabric/components/root (0.71.11):
    - RCT-Folly/Fabric (= 2021.07.22.00)
    - RCTRequired (= 0.71.11)
    - RCTTypeSafety (= 0.71.11)
    - React-graphics (= 0.71.11)
    - React-jsi (= 0.71.11)
    - React-jsiexecutor (= 0.71.11)
    - ReactCommon/turbomodule/core (= 0.71.11)
  - React-Fabric/components/safeareaview (0.71.11):
    - RCT-Folly/Fabric (= 2021.07.22.00)
    - RCTRequired (= 0.71.11)
    - RCTTypeSafety (= 0.71.11)
    - React-graphics (= 0.71.11)
    - React-jsi (= 0.71.11)
    - React-jsiexecutor (= 0.71.11)
    - ReactCommon/turbomodule/core (= 0.71.11)
  - React-Fabric/components/scrollview (0.71.11):
    - RCT-Folly/Fabric (= 2021.07.22.00)
    - RCTRequired (= 0.71.11)
    - RCTTypeSafety (= 0.71.11)
    - React-graphics (= 0.71.11)
    - React-jsi (= 0.71.11)
    - React-jsiexecutor (= 0.71.11)
    - ReactCommon/turbomodule/core (= 0.71.11)
  - React-Fabric/components/slider (0.71.11):
    - RCT-Folly/Fabric (= 2021.07.22.00)
    - RCTRequired (= 0.71.11)
    - RCTTypeSafety (= 0.71.11)
    - React-graphics (= 0.71.11)
    - React-jsi (= 0.71.11)
    - React-jsiexecutor (= 0.71.11)
    - ReactCommon/turbomodule/core (= 0.71.11)
  - React-Fabric/components/text (0.71.11):
    - RCT-Folly/Fabric (= 2021.07.22.00)
    - RCTRequired (= 0.71.11)
    - RCTTypeSafety (= 0.71.11)
    - React-graphics (= 0.71.11)
    - React-jsi (= 0.71.11)
    - React-jsiexecutor (= 0.71.11)
    - ReactCommon/turbomodule/core (= 0.71.11)
  - React-Fabric/components/textinput (0.71.11):
    - RCT-Folly/Fabric (= 2021.07.22.00)
    - RCTRequired (= 0.71.11)
    - RCTTypeSafety (= 0.71.11)
    - React-graphics (= 0.71.11)
    - React-jsi (= 0.71.11)
    - React-jsiexecutor (= 0.71.11)
    - ReactCommon/turbomodule/core (= 0.71.11)
  - React-Fabric/components/unimplementedview (0.71.11):
    - RCT-Folly/Fabric (= 2021.07.22.00)
    - RCTRequired (= 0.71.11)
    - RCTTypeSafety (= 0.71.11)
    - React-graphics (= 0.71.11)
    - React-jsi (= 0.71.11)
    - React-jsiexecutor (= 0.71.11)
    - ReactCommon/turbomodule/core (= 0.71.11)
  - React-Fabric/components/view (0.71.11):
    - RCT-Folly/Fabric (= 2021.07.22.00)
    - RCTRequired (= 0.71.11)
    - RCTTypeSafety (= 0.71.11)
    - React-graphics (= 0.71.11)
    - React-jsi (= 0.71.11)
    - React-jsiexecutor (= 0.71.11)
    - ReactCommon/turbomodule/core (= 0.71.11)
    - Yoga
  - React-Fabric/config (0.71.11):
    - RCT-Folly/Fabric (= 2021.07.22.00)
    - RCTRequired (= 0.71.11)
    - RCTTypeSafety (= 0.71.11)
    - React-graphics (= 0.71.11)
    - React-jsi (= 0.71.11)
    - React-jsiexecutor (= 0.71.11)
    - ReactCommon/turbomodule/core (= 0.71.11)
  - React-Fabric/core (0.71.11):
    - RCT-Folly/Fabric (= 2021.07.22.00)
    - RCTRequired (= 0.71.11)
    - RCTTypeSafety (= 0.71.11)
    - React-graphics (= 0.71.11)
    - React-jsi (= 0.71.11)
    - React-jsiexecutor (= 0.71.11)
    - ReactCommon/turbomodule/core (= 0.71.11)
  - React-Fabric/debug_core (0.71.11):
    - RCT-Folly/Fabric (= 2021.07.22.00)
    - RCTRequired (= 0.71.11)
    - RCTTypeSafety (= 0.71.11)
    - React-graphics (= 0.71.11)
    - React-jsi (= 0.71.11)
    - React-jsiexecutor (= 0.71.11)
    - ReactCommon/turbomodule/core (= 0.71.11)
  - React-Fabric/debug_renderer (0.71.11):
    - RCT-Folly/Fabric (= 2021.07.22.00)
    - RCTRequired (= 0.71.11)
    - RCTTypeSafety (= 0.71.11)
    - React-graphics (= 0.71.11)
    - React-jsi (= 0.71.11)
    - React-jsiexecutor (= 0.71.11)
    - ReactCommon/turbomodule/core (= 0.71.11)
  - React-Fabric/imagemanager (0.71.11):
    - RCT-Folly/Fabric (= 2021.07.22.00)
    - RCTRequired (= 0.71.11)
    - RCTTypeSafety (= 0.71.11)
    - React-graphics (= 0.71.11)
    - React-jsi (= 0.71.11)
    - React-jsiexecutor (= 0.71.11)
    - React-RCTImage (= 0.71.11)
    - ReactCommon/turbomodule/core (= 0.71.11)
  - React-Fabric/leakchecker (0.71.11):
    - RCT-Folly/Fabric (= 2021.07.22.00)
    - RCTRequired (= 0.71.11)
    - RCTTypeSafety (= 0.71.11)
    - React-graphics (= 0.71.11)
    - React-jsi (= 0.71.11)
    - React-jsiexecutor (= 0.71.11)
    - ReactCommon/turbomodule/core (= 0.71.11)
  - React-Fabric/mapbuffer (0.71.11):
    - RCT-Folly/Fabric (= 2021.07.22.00)
    - RCTRequired (= 0.71.11)
    - RCTTypeSafety (= 0.71.11)
    - React-graphics (= 0.71.11)
    - React-jsi (= 0.71.11)
    - React-jsiexecutor (= 0.71.11)
    - ReactCommon/turbomodule/core (= 0.71.11)
  - React-Fabric/mounting (0.71.11):
    - RCT-Folly/Fabric (= 2021.07.22.00)
    - RCTRequired (= 0.71.11)
    - RCTTypeSafety (= 0.71.11)
    - React-graphics (= 0.71.11)
    - React-jsi (= 0.71.11)
    - React-jsiexecutor (= 0.71.11)
    - ReactCommon/turbomodule/core (= 0.71.11)
  - React-Fabric/runtimescheduler (0.71.11):
    - RCT-Folly/Fabric (= 2021.07.22.00)
    - RCTRequired (= 0.71.11)
    - RCTTypeSafety (= 0.71.11)
    - React-graphics (= 0.71.11)
    - React-jsi (= 0.71.11)
    - React-jsiexecutor (= 0.71.11)
    - ReactCommon/turbomodule/core (= 0.71.11)
  - React-Fabric/scheduler (0.71.11):
    - RCT-Folly/Fabric (= 2021.07.22.00)
    - RCTRequired (= 0.71.11)
    - RCTTypeSafety (= 0.71.11)
    - React-graphics (= 0.71.11)
    - React-jsi (= 0.71.11)
    - React-jsiexecutor (= 0.71.11)
    - ReactCommon/turbomodule/core (= 0.71.11)
  - React-Fabric/telemetry (0.71.11):
    - RCT-Folly/Fabric (= 2021.07.22.00)
    - RCTRequired (= 0.71.11)
    - RCTTypeSafety (= 0.71.11)
    - React-graphics (= 0.71.11)
    - React-jsi (= 0.71.11)
    - React-jsiexecutor (= 0.71.11)
    - ReactCommon/turbomodule/core (= 0.71.11)
  - React-Fabric/templateprocessor (0.71.11):
    - RCT-Folly/Fabric (= 2021.07.22.00)
    - RCTRequired (= 0.71.11)
    - RCTTypeSafety (= 0.71.11)
    - React-graphics (= 0.71.11)
    - React-jsi (= 0.71.11)
    - React-jsiexecutor (= 0.71.11)
    - ReactCommon/turbomodule/core (= 0.71.11)
  - React-Fabric/textlayoutmanager (0.71.11):
    - RCT-Folly/Fabric (= 2021.07.22.00)
    - RCTRequired (= 0.71.11)
    - RCTTypeSafety (= 0.71.11)
    - React-Fabric/uimanager
    - React-graphics (= 0.71.11)
    - React-jsi (= 0.71.11)
    - React-jsiexecutor (= 0.71.11)
    - ReactCommon/turbomodule/core (= 0.71.11)
  - React-Fabric/uimanager (0.71.11):
    - RCT-Folly/Fabric (= 2021.07.22.00)
    - RCTRequired (= 0.71.11)
    - RCTTypeSafety (= 0.71.11)
    - React-graphics (= 0.71.11)
    - React-jsi (= 0.71.11)
    - React-jsiexecutor (= 0.71.11)
    - ReactCommon/turbomodule/core (= 0.71.11)
  - React-Fabric/utils (0.71.11):
    - RCT-Folly/Fabric (= 2021.07.22.00)
    - RCTRequired (= 0.71.11)
    - RCTTypeSafety (= 0.71.11)
    - React-graphics (= 0.71.11)
    - React-jsi (= 0.71.11)
    - React-jsiexecutor (= 0.71.11)
    - ReactCommon/turbomodule/core (= 0.71.11)
  - React-graphics (0.71.11):
    - RCT-Folly/Fabric (= 2021.07.22.00)
    - React-Core/Default (= 0.71.11)
  - React-hermes (0.71.11):
    - DoubleConversion
    - glog
    - hermes-engine
    - RCT-Folly (= 2021.07.22.00)
    - RCT-Folly/Futures (= 2021.07.22.00)
    - React-cxxreact (= 0.71.11)
    - React-jsi
    - React-jsiexecutor (= 0.71.11)
    - React-jsinspector (= 0.71.11)
    - React-perflogger (= 0.71.11)
  - React-jsi (0.71.11):
    - boost (= 1.76.0)
    - DoubleConversion
    - glog
    - hermes-engine
    - RCT-Folly (= 2021.07.22.00)
  - React-jsiexecutor (0.71.11):
    - DoubleConversion
    - glog
    - hermes-engine
    - RCT-Folly (= 2021.07.22.00)
    - React-cxxreact (= 0.71.11)
    - React-jsi (= 0.71.11)
    - React-perflogger (= 0.71.11)
  - React-jsinspector (0.71.11)
  - React-logger (0.71.11):
    - glog
  - react-native-blur (4.3.0):
    - React-Core
  - react-native-keep-awake (1.2.0):
    - React-Core
  - react-native-mail (6.1.1):
    - React-Core
  - react-native-mmkv (2.10.0):
    - MMKV (>= 1.2.13)
    - React-Core
  - react-native-overlay (0.2.1):
    - React-Core
    - SPAlert
    - SPConfetti
    - SPIndicator
  - react-native-safe-area-context (4.6.3):
    - RCT-Folly
    - RCTRequired
    - RCTTypeSafety
    - React-Core
    - ReactCommon/turbomodule/core
  - react-native-sfsymbols (1.2.1):
    - React
  - react-native-shake (5.3.2):
    - React
  - react-native-slider (4.4.2):
    - React-Core
  - react-native-version-check (3.4.7):
    - React-Core
  - React-perflogger (0.71.11)
  - React-RCTActionSheet (0.71.11):
    - React-Core/RCTActionSheetHeaders (= 0.71.11)
  - React-RCTAnimation (0.71.11):
    - RCT-Folly (= 2021.07.22.00)
    - RCTTypeSafety (= 0.71.11)
    - React-Codegen (= 0.71.11)
    - React-Core/RCTAnimationHeaders (= 0.71.11)
    - React-jsi (= 0.71.11)
    - ReactCommon/turbomodule/core (= 0.71.11)
  - React-RCTAppDelegate (0.71.11):
    - RCT-Folly
    - RCTRequired
    - RCTTypeSafety
    - React-Core
    - ReactCommon/turbomodule/core
  - React-RCTBlob (0.71.11):
    - hermes-engine
    - RCT-Folly (= 2021.07.22.00)
    - React-Codegen (= 0.71.11)
    - React-Core/RCTBlobHeaders (= 0.71.11)
    - React-Core/RCTWebSocket (= 0.71.11)
    - React-jsi (= 0.71.11)
    - React-RCTNetwork (= 0.71.11)
    - ReactCommon/turbomodule/core (= 0.71.11)
  - React-RCTFabric (0.71.11):
    - RCT-Folly/Fabric (= 2021.07.22.00)
    - React-Core (= 0.71.11)
    - React-Fabric (= 0.71.11)
    - React-RCTImage (= 0.71.11)
  - React-RCTImage (0.71.11):
    - RCT-Folly (= 2021.07.22.00)
    - RCTTypeSafety (= 0.71.11)
    - React-Codegen (= 0.71.11)
    - React-Core/RCTImageHeaders (= 0.71.11)
    - React-jsi (= 0.71.11)
    - React-RCTNetwork (= 0.71.11)
    - ReactCommon/turbomodule/core (= 0.71.11)
  - React-RCTLinking (0.71.11):
    - React-Codegen (= 0.71.11)
    - React-Core/RCTLinkingHeaders (= 0.71.11)
    - React-jsi (= 0.71.11)
    - ReactCommon/turbomodule/core (= 0.71.11)
  - React-RCTNetwork (0.71.11):
    - RCT-Folly (= 2021.07.22.00)
    - RCTTypeSafety (= 0.71.11)
    - React-Codegen (= 0.71.11)
    - React-Core/RCTNetworkHeaders (= 0.71.11)
    - React-jsi (= 0.71.11)
    - ReactCommon/turbomodule/core (= 0.71.11)
  - React-RCTSettings (0.71.11):
    - RCT-Folly (= 2021.07.22.00)
    - RCTTypeSafety (= 0.71.11)
    - React-Codegen (= 0.71.11)
    - React-Core/RCTSettingsHeaders (= 0.71.11)
    - React-jsi (= 0.71.11)
    - ReactCommon/turbomodule/core (= 0.71.11)
  - React-RCTText (0.71.11):
    - React-Core/RCTTextHeaders (= 0.71.11)
  - React-RCTVibration (0.71.11):
    - RCT-Folly (= 2021.07.22.00)
    - React-Codegen (= 0.71.11)
    - React-Core/RCTVibrationHeaders (= 0.71.11)
    - React-jsi (= 0.71.11)
    - ReactCommon/turbomodule/core (= 0.71.11)
  - React-rncore (0.71.11)
  - React-runtimeexecutor (0.71.11):
    - React-jsi (= 0.71.11)
  - ReactCommon/turbomodule/bridging (0.71.11):
    - DoubleConversion
    - glog
    - hermes-engine
    - RCT-Folly (= 2021.07.22.00)
    - React-callinvoker (= 0.71.11)
    - React-Core (= 0.71.11)
    - React-cxxreact (= 0.71.11)
    - React-jsi (= 0.71.11)
    - React-logger (= 0.71.11)
    - React-perflogger (= 0.71.11)
  - ReactCommon/turbomodule/core (0.71.11):
    - DoubleConversion
    - glog
    - hermes-engine
    - RCT-Folly (= 2021.07.22.00)
    - React-callinvoker (= 0.71.11)
    - React-Core (= 0.71.11)
    - React-cxxreact (= 0.71.11)
    - React-jsi (= 0.71.11)
    - React-logger (= 0.71.11)
    - React-perflogger (= 0.71.11)
  - RNDeviceInfo (10.3.0):
    - React-Core
  - RNGestureHandler (2.9.0):
    - React-Core
  - RNIap (12.7.2):
    - React-Core
  - RNInAppBrowser (3.7.0):
    - React-Core
  - RNLocalize (2.2.4):
    - React-Core
  - RNPermissions (3.8.0):
    - React-Core
  - RNReactNativeHapticFeedback (2.0.3):
    - React-Core
  - RNReanimated (3.3.0):
    - DoubleConversion
    - FBLazyVector
    - FBReactNativeSpec
    - glog
    - hermes-engine
    - RCT-Folly
    - RCTRequired
    - RCTTypeSafety
    - React-callinvoker
    - React-Core
    - React-Core/DevSupport
    - React-Core/RCTWebSocket
    - React-CoreModules
    - React-cxxreact
    - React-hermes
    - React-jsi
    - React-jsiexecutor
    - React-jsinspector
    - React-RCTActionSheet
    - React-RCTAnimation
    - React-RCTBlob
    - React-RCTImage
    - React-RCTLinking
    - React-RCTNetwork
    - React-RCTSettings
    - React-RCTText
    - ReactCommon/turbomodule/core
    - Yoga
  - RNScreens (3.21.1):
    - React-Core
    - React-RCTImage
  - RNStoreReview (0.3.0):
    - React-Core
  - SPAlert (4.2.0)
  - SPConfetti (1.4.0)
  - SPIndicator (1.6.4)
  - Yoga (1.14.0)

DEPENDENCIES:
  - boost (from `../node_modules/react-native/third-party-podspecs/boost.podspec`)
  - DoubleConversion (from `../node_modules/react-native/third-party-podspecs/DoubleConversion.podspec`)
  - FBLazyVector (from `../node_modules/react-native/Libraries/FBLazyVector`)
  - FBReactNativeSpec (from `../node_modules/react-native/React/FBReactNativeSpec`)
  - glog (from `../node_modules/react-native/third-party-podspecs/glog.podspec`)
  - hermes-engine (from `../node_modules/react-native/sdks/hermes-engine/hermes-engine.podspec`)
  - libevent (~> 2.1.12)
  - lottie-react-native (from `../node_modules/lottie-react-native`)
  - RCT-Folly (from `../node_modules/react-native/third-party-podspecs/RCT-Folly.podspec`)
  - RCT-Folly/Fabric (from `../node_modules/react-native/third-party-podspecs/RCT-Folly.podspec`)
  - RCTRequired (from `../node_modules/react-native/Libraries/RCTRequired`)
  - RCTTypeSafety (from `../node_modules/react-native/Libraries/TypeSafety`)
  - React (from `../node_modules/react-native/`)
  - React-callinvoker (from `../node_modules/react-native/ReactCommon/callinvoker`)
  - React-Codegen (from `build/generated/ios`)
  - React-Core (from `../node_modules/react-native/`)
  - React-Core/RCTWebSocket (from `../node_modules/react-native/`)
  - React-CoreModules (from `../node_modules/react-native/React/CoreModules`)
  - React-cxxreact (from `../node_modules/react-native/ReactCommon/cxxreact`)
  - React-Fabric (from `../node_modules/react-native/ReactCommon`)
  - React-graphics (from `../node_modules/react-native/ReactCommon/react/renderer/graphics`)
  - React-hermes (from `../node_modules/react-native/ReactCommon/hermes`)
  - React-jsi (from `../node_modules/react-native/ReactCommon/jsi`)
  - React-jsiexecutor (from `../node_modules/react-native/ReactCommon/jsiexecutor`)
  - React-jsinspector (from `../node_modules/react-native/ReactCommon/jsinspector`)
  - React-logger (from `../node_modules/react-native/ReactCommon/logger`)
  - "react-native-blur (from `../node_modules/@react-native-community/blur`)"
  - "react-native-keep-awake (from `../node_modules/@sayem314/react-native-keep-awake`)"
  - react-native-mail (from `../node_modules/react-native-mail`)
  - react-native-mmkv (from `../node_modules/react-native-mmkv`)
  - "react-native-overlay (from `../node_modules/@react-native-library/overlay`)"
  - react-native-safe-area-context (from `../node_modules/react-native-safe-area-context`)
  - react-native-sfsymbols (from `../node_modules/react-native-sfsymbols`)
  - react-native-shake (from `../node_modules/react-native-shake`)
  - "react-native-slider (from `../node_modules/@react-native-community/slider`)"
  - react-native-version-check (from `../node_modules/react-native-version-check`)
  - React-perflogger (from `../node_modules/react-native/ReactCommon/reactperflogger`)
  - React-RCTActionSheet (from `../node_modules/react-native/Libraries/ActionSheetIOS`)
  - React-RCTAnimation (from `../node_modules/react-native/Libraries/NativeAnimation`)
  - React-RCTAppDelegate (from `../node_modules/react-native/Libraries/AppDelegate`)
  - React-RCTBlob (from `../node_modules/react-native/Libraries/Blob`)
  - React-RCTFabric (from `../node_modules/react-native/React`)
  - React-RCTImage (from `../node_modules/react-native/Libraries/Image`)
  - React-RCTLinking (from `../node_modules/react-native/Libraries/LinkingIOS`)
  - React-RCTNetwork (from `../node_modules/react-native/Libraries/Network`)
  - React-RCTSettings (from `../node_modules/react-native/Libraries/Settings`)
  - React-RCTText (from `../node_modules/react-native/Libraries/Text`)
  - React-RCTVibration (from `../node_modules/react-native/Libraries/Vibration`)
  - React-rncore (from `../node_modules/react-native/ReactCommon`)
  - React-runtimeexecutor (from `../node_modules/react-native/ReactCommon/runtimeexecutor`)
  - ReactCommon/turbomodule/core (from `../node_modules/react-native/ReactCommon`)
  - RNDeviceInfo (from `../node_modules/react-native-device-info`)
  - RNGestureHandler (from `../node_modules/react-native-gesture-handler`)
  - RNIap (from `../node_modules/react-native-iap`)
  - RNInAppBrowser (from `../node_modules/react-native-inappbrowser-reborn`)
  - RNLocalize (from `../node_modules/react-native-localize`)
  - RNPermissions (from `../node_modules/react-native-permissions`)
  - RNReactNativeHapticFeedback (from `../node_modules/react-native-haptic-feedback`)
  - RNReanimated (from `../node_modules/react-native-reanimated`)
  - RNScreens (from `../node_modules/react-native-screens`)
  - RNStoreReview (from `../node_modules/react-native-store-review`)
  - SPIndicator (from `https://github.com/luoxuhai/SPIndicator.git`)
  - Yoga (from `../node_modules/react-native/ReactCommon/yoga`)

SPEC REPOS:
  trunk:
    - fmt
    - libevent
    - lottie-ios
    - MMKV
    - MMKVCore
    - SPAlert
    - SPConfetti

EXTERNAL SOURCES:
  boost:
    :podspec: "../node_modules/react-native/third-party-podspecs/boost.podspec"
  DoubleConversion:
    :podspec: "../node_modules/react-native/third-party-podspecs/DoubleConversion.podspec"
  FBLazyVector:
    :path: "../node_modules/react-native/Libraries/FBLazyVector"
  FBReactNativeSpec:
    :path: "../node_modules/react-native/React/FBReactNativeSpec"
  glog:
    :podspec: "../node_modules/react-native/third-party-podspecs/glog.podspec"
  hermes-engine:
    :podspec: "../node_modules/react-native/sdks/hermes-engine/hermes-engine.podspec"
  lottie-react-native:
    :path: "../node_modules/lottie-react-native"
  RCT-Folly:
    :podspec: "../node_modules/react-native/third-party-podspecs/RCT-Folly.podspec"
  RCTRequired:
    :path: "../node_modules/react-native/Libraries/RCTRequired"
  RCTTypeSafety:
    :path: "../node_modules/react-native/Libraries/TypeSafety"
  React:
    :path: "../node_modules/react-native/"
  React-callinvoker:
    :path: "../node_modules/react-native/ReactCommon/callinvoker"
  React-Codegen:
    :path: build/generated/ios
  React-Core:
    :path: "../node_modules/react-native/"
  React-CoreModules:
    :path: "../node_modules/react-native/React/CoreModules"
  React-cxxreact:
    :path: "../node_modules/react-native/ReactCommon/cxxreact"
  React-Fabric:
    :path: "../node_modules/react-native/ReactCommon"
  React-graphics:
    :path: "../node_modules/react-native/ReactCommon/react/renderer/graphics"
  React-hermes:
    :path: "../node_modules/react-native/ReactCommon/hermes"
  React-jsi:
    :path: "../node_modules/react-native/ReactCommon/jsi"
  React-jsiexecutor:
    :path: "../node_modules/react-native/ReactCommon/jsiexecutor"
  React-jsinspector:
    :path: "../node_modules/react-native/ReactCommon/jsinspector"
  React-logger:
    :path: "../node_modules/react-native/ReactCommon/logger"
  react-native-blur:
    :path: "../node_modules/@react-native-community/blur"
  react-native-keep-awake:
    :path: "../node_modules/@sayem314/react-native-keep-awake"
  react-native-mail:
    :path: "../node_modules/react-native-mail"
  react-native-mmkv:
    :path: "../node_modules/react-native-mmkv"
  react-native-overlay:
    :path: "../node_modules/@react-native-library/overlay"
  react-native-safe-area-context:
    :path: "../node_modules/react-native-safe-area-context"
  react-native-sfsymbols:
    :path: "../node_modules/react-native-sfsymbols"
  react-native-shake:
    :path: "../node_modules/react-native-shake"
  react-native-slider:
    :path: "../node_modules/@react-native-community/slider"
  react-native-version-check:
    :path: "../node_modules/react-native-version-check"
  React-perflogger:
    :path: "../node_modules/react-native/ReactCommon/reactperflogger"
  React-RCTActionSheet:
    :path: "../node_modules/react-native/Libraries/ActionSheetIOS"
  React-RCTAnimation:
    :path: "../node_modules/react-native/Libraries/NativeAnimation"
  React-RCTAppDelegate:
    :path: "../node_modules/react-native/Libraries/AppDelegate"
  React-RCTBlob:
    :path: "../node_modules/react-native/Libraries/Blob"
  React-RCTFabric:
    :path: "../node_modules/react-native/React"
  React-RCTImage:
    :path: "../node_modules/react-native/Libraries/Image"
  React-RCTLinking:
    :path: "../node_modules/react-native/Libraries/LinkingIOS"
  React-RCTNetwork:
    :path: "../node_modules/react-native/Libraries/Network"
  React-RCTSettings:
    :path: "../node_modules/react-native/Libraries/Settings"
  React-RCTText:
    :path: "../node_modules/react-native/Libraries/Text"
  React-RCTVibration:
    :path: "../node_modules/react-native/Libraries/Vibration"
  React-rncore:
    :path: "../node_modules/react-native/ReactCommon"
  React-runtimeexecutor:
    :path: "../node_modules/react-native/ReactCommon/runtimeexecutor"
  ReactCommon:
    :path: "../node_modules/react-native/ReactCommon"
  RNDeviceInfo:
    :path: "../node_modules/react-native-device-info"
  RNGestureHandler:
    :path: "../node_modules/react-native-gesture-handler"
  RNIap:
    :path: "../node_modules/react-native-iap"
  RNInAppBrowser:
    :path: "../node_modules/react-native-inappbrowser-reborn"
  RNLocalize:
    :path: "../node_modules/react-native-localize"
  RNPermissions:
    :path: "../node_modules/react-native-permissions"
  RNReactNativeHapticFeedback:
    :path: "../node_modules/react-native-haptic-feedback"
  RNReanimated:
    :path: "../node_modules/react-native-reanimated"
  RNScreens:
    :path: "../node_modules/react-native-screens"
  RNStoreReview:
    :path: "../node_modules/react-native-store-review"
  SPIndicator:
    :git: https://github.com/luoxuhai/SPIndicator.git
  Yoga:
    :path: "../node_modules/react-native/ReactCommon/yoga"

CHECKOUT OPTIONS:
  SPIndicator:
    :commit: e618f43b11995bba6484852dab4c21350146a7f9
    :git: https://github.com/luoxuhai/SPIndicator.git

SPEC CHECKSUMS:
  boost: 57d2868c099736d80fcd648bf211b4431e51a558
  DoubleConversion: 5189b271737e1565bdce30deb4a08d647e3f5f54
  FBLazyVector: c511d4cd0210f416cb5c289bd5ae6b36d909b048
  FBReactNativeSpec: a911fb22def57aef1d74215e8b6b8761d25c1c54
  fmt: ff9d55029c625d3757ed641535fd4a75fedc7ce9
  glog: 04b94705f318337d7ead9e6d17c019bd9b1f6b1b
  hermes-engine: 34c863b446d0135b85a6536fa5fd89f48196f848
  libevent: 4049cae6c81cdb3654a443be001fb9bdceff7913
  lottie-ios: 8f97d3271e155c2d688875c29cd3c74908aef5f8
  lottie-react-native: 8f9d4be452e23f6e5ca0fdc11669dc99ab52be81
  MMKV: 7f34558bbb5a33b0eaefae2de4b6a20a2ffdad6f
  MMKVCore: ddf41b9d9262f058419f9ba7598719af56c02cd3
  RCT-Folly: 424b8c9a7a0b9ab2886ffe9c3b041ef628fd4fb1
  RCTRequired: f6187ec763637e6a57f5728dd9a3bdabc6d6b4e0
  RCTTypeSafety: a01aca2dd3b27fa422d5239252ad38e54e958750
  React: 741b4f5187e7a2137b69c88e65f940ba40600b4b
  React-callinvoker: 72ba74b2d5d690c497631191ae6eeca0c043d9cf
  React-Codegen: b059ec3325c74576514bf37e34723dffd1703b07
  React-Core: 72bb19702c465b6451a40501a2879532bec9acee
  React-CoreModules: ffd19b082fc36b9b463fedf30955138b5426c053
  React-cxxreact: 8b3dd87e3b8ea96dd4ad5c7bac8f31f1cc3da97f
  React-Fabric: 3fc38d31a7153a8a9e0e5de0197b2820c324e7cd
  React-graphics: 4506414f51362f05eb96fb054bd019d0b4f55bbb
  React-hermes: be95942c3f47fc032da1387360413f00dae0ea68
  React-jsi: 9978e2a64c2a4371b40e109f4ef30a33deaa9bcb
  React-jsiexecutor: 18b5b33c5f2687a784a61bc8176611b73524ae77
  React-jsinspector: b6ed4cb3ffa27a041cd440300503dc512b761450
  React-logger: 186dd536128ae5924bc38ed70932c00aa740cd5b
  react-native-blur: 50c9feabacbc5f49b61337ebc32192c6be7ec3c3
  react-native-keep-awake: caee3ff89eaa21dfe29010f0d143566874a04441
  react-native-mail: 8fdcd3aef007c33a6877a18eb4cf7447a1d4ce4a
  react-native-mmkv: 725623a679fec884bf18a37400e753afb8a1b924
  react-native-overlay: a94b87b356378d5b0d4e35162f7b20f08c94456f
  react-native-safe-area-context: 36cc67648134e89465663b8172336a19eeda493d
  react-native-sfsymbols: bd3a0d3eab185e80b571bae60753dcf5a0d57967
  react-native-shake: 62aa5681863203090a087842da70183c442b97f8
  react-native-slider: 33b8d190b59d4f67a541061bb91775d53d617d9d
  react-native-version-check: 6cd36aad4e30b8e3216747e3b4ddeb09e0647af8
  React-perflogger: e706562ab7eb8eb590aa83a224d26fa13963d7f2
  React-RCTActionSheet: 57d4bd98122f557479a3359ad5dad8e109e20c5a
  React-RCTAnimation: ccf3ef00101ea74bda73a045d79a658b36728a60
  React-RCTAppDelegate: d0c28a35c65e9a0aef287ac0dafe1b71b1ac180c
  React-RCTBlob: 1700b92ece4357af0a49719c9638185ad2902e95
  React-RCTFabric: e6f198f05196b684964d64994b4d21baa538b89b
  React-RCTImage: f2e4904566ccccaa4b704170fcc5ae144ca347bf
  React-RCTLinking: 52a3740e3651e30aa11dff5a6debed7395dd8169
  React-RCTNetwork: ea0976f2b3ffc7877cd7784e351dc460adf87b12
  React-RCTSettings: ed5ac992b23e25c65c3cc31f11b5c940ae5e3e60
  React-RCTText: c9dfc6722621d56332b4f3a19ac38105e7504145
  React-RCTVibration: f09f08de63e4122deb32506e20ca4cae6e4e14c1
  React-rncore: 1c8071a9ed027008dd2ef0723f832c7e99ab8dc9
  React-runtimeexecutor: 4817d63dbc9d658f8dc0ec56bd9b83ce531129f0
  ReactCommon: 08723d2ed328c5cbcb0de168f231bc7bae7f8aa1
  RNDeviceInfo: 4701f0bf2a06b34654745053db0ce4cb0c53ada7
  RNGestureHandler: 071d7a9ad81e8b83fe7663b303d132406a7d8f39
  RNIap: c6bdb9608855734e27cb76e263995cafd7c37cf3
  RNInAppBrowser: e36d6935517101ccba0e875bac8ad7b0cb655364
  RNLocalize: 0df7970cfc60389f00eb62fd7c097dc75af3fb4f
  RNPermissions: c85cbdfb49042b4a22cdd9bdc6b4f66be92d600e
  RNReactNativeHapticFeedback: afa5bf2794aecbb2dba2525329253da0d66656df
  RNReanimated: 9976fbaaeb8a188c36026154c844bf374b3b7eeb
  RNScreens: d3675ab2878704de70c9dae57fa5d024802404cc
  RNStoreReview: 18cf6adbd193eadb049d2f6c37ef2ab3d5a28706
  SPAlert: 735da1f16a887e294719217572ce1f936d8c8782
  SPConfetti: 4ba720ff652d960f59c3e4eadee2c0c3ef6ce9a4
  SPIndicator: e27f39eb4fcca37ee6627e8b9f0c5fdf82055260
  Yoga: f7decafdc5e8c125e6fa0da38a687e35238420fa

PODFILE CHECKSUM: 4b164197f23a58c56ba9b993c58b81460e89869c

COCOAPODS: 1.12.0
